<?xml version="1.0" encoding="utf-8"?>
<Project ToolsVersion="4.0" xmlns="http://schemas.microsoft.com/developer/msbuild/2003">
  <ItemGroup>
    <Filter Include="Assets">
      <UniqueIdentifier>dad3d573-ab33-428d-ae70-6098066c27e7</UniqueIdentifier>
      <Extensions>bmp;fbx;gif;jpg;jpeg;tga;tiff;tif;png</Extensions>
    </Filter>
    <Filter Include="Content">
      <UniqueIdentifier>e4caa635-e149-44c2-8915-48ffa6ac48f7</UniqueIdentifier>
    </Filter>
    <Image Include="UwpAssets\LockScreenLogo.scale-200.png">
      <Filter>Assets</Filter>
    </Image>
    <Image Include="UwpAssets\SplashScreen.scale-200.png">
      <Filter>Assets</Filter>
    </Image>
    <Image Include="UwpAssets\Square150x150Logo.scale-200.png">
      <Filter>Assets</Filter>
    </Image>
    <Image Include="UwpAssets\Square44x44Logo.scale-200.png">
      <Filter>Assets</Filter>
    </Image>
    <Image Include="UwpAssets\Square44x44Logo.targetsize-24_altform-unplated.png">
      <Filter>Assets</Filter>
    </Image>
    <Image Include="UwpAssets\Wide310x150Logo.scale-200.png">
      <Filter>Assets</Filter>
    </Image>
    <Filter Include="Content\Header Files">
      <UniqueIdentifier>{c366edc2-5eef-4584-950e-48742cb62e3b}</UniqueIdentifier>
    </Filter>
    <Filter Include="Content\Source Files">
      <UniqueIdentifier>{ec416704-60d5-4dc1-ab7d-44deb255f27e}</UniqueIdentifier>
    </Filter>
    <Filter Include="Content\Source Files\External">
      <UniqueIdentifier>{ba92aea6-769d-480a-83df-fc76f0cad83a}</UniqueIdentifier>
    </Filter>
  </ItemGroup>
  <ItemGroup>
    <Image Include="UwpAssets\StoreLogo.png">
      <Filter>Assets</Filter>
    </Image>
  </ItemGroup>
  <ItemGroup>
    <AppxManifest Include="Package.appxmanifest" />
  </ItemGroup>
  <ItemGroup>
    <ClCompile Include="image.cpp">
      <Filter>Content\Source Files</Filter>
    </ClCompile>
    <ClCompile Include="main.cpp">
      <Filter>Content\Source Files</Filter>
    </ClCompile>
    <ClCompile Include="sdl.cpp">
      <Filter>Content\Source Files</Filter>
    </ClCompile>
    <ClCompile Include="sprite.cpp">
      <Filter>Content\Source Files</Filter>
    </ClCompile>
    <ClCompile Include="fs.cpp">
      <Filter>Content\Source Files</Filter>
    </ClCompile>
    <ClCompile Include="deps\src\metrohash64.cpp">
      <Filter>Content\Source Files\External</Filter>
    </ClCompile>
    <ClCompile Include="deps\src\metrohash128.cpp">
      <Filter>Content\Source Files\External</Filter>
    </ClCompile>
    <ClCompile Include="deps\src\metrohash128crc.cpp">
      <Filter>Content\Source Files\External</Filter>
    </ClCompile>
  </ItemGroup>
  <ItemGroup>
    <None Include="UwpAssets\BlankCursor.cur" />
    <None Include="copyfiles.bat" />
  </ItemGroup>
  <ItemGroup>
    <ResourceCompile Include="UwpAssets\Resources.rc" />
  </ItemGroup>
  <ItemGroup>
    <ClInclude Include="backend.h">
      <Filter>Content\Header Files</Filter>
    </ClInclude>
    <ClInclude Include="fs.h">
      <Filter>Content\Header Files</Filter>
    </ClInclude>
    <ClInclude Include="game.h">
      <Filter>Content\Header Files</Filter>
    </ClInclude>
    <ClInclude Include="image.h">
      <Filter>Content\Header Files</Filter>
    </ClInclude>
    <ClInclude Include="mathutil.h">
      <Filter>Content\Header Files</Filter>
    </ClInclude>
    <ClInclude Include="sprite.h">
      <Filter>Content\Header Files</Filter>
    </ClInclude>
    <ClInclude Include="input.h">
      <Filter>Content\Header Files</Filter>
    </ClInclude>
  </ItemGroup>
</Project>