<?xml version="1.0" encoding="utf-8"?>
<Project ToolsVersion="4.0" xmlns="http://schemas.microsoft.com/developer/msbuild/2003">
  <ItemGroup>
    <ClCompile Include="test_main.cpp" />
    <ClCompile Include="$(SolutionDir)deps\src\flecs.c">
      <Filter>stuff</Filter>
    </ClCompile>
    <ClCompile Include="$(SolutionDir)src\fs.cpp">
      <Filter>stuff</Filter>
    </ClCompile>
    <ClCompile Include="$(SolutionDir)src\image.cpp">
      <Filter>stuff</Filter>
    </ClCompile>
    <ClCompile Include="$(SolutionDir)deps\src\metrohash64.cpp">
      <Filter>stuff</Filter>
    </ClCompile>
    <ClCompile Include="$(SolutionDir)deps\src\metrohash128.cpp">
      <Filter>stuff</Filter>
    </ClCompile>
    <ClCompile Include="$(SolutionDir)src\physics.cpp">
      <Filter>stuff</Filter>
    </ClCompile>
    <ClCompile Include="$(SolutionDir)src\sdl.cpp">
      <Filter>stuff</Filter>
    </ClCompile>
    <ClCompile Include="$(SolutionDir)src\sprite.cpp">
      <Filter>stuff</Filter>
    </ClCompile>
    <ClCompile Include="$(SolutionDir)src\text.cpp">
      <Filter>stuff</Filter>
    </ClCompile>
    <ClCompile Include="test_text.cpp" />
  </ItemGroup>
  <ItemGroup>
    <ClInclude Include="include\backend.h">
      <Filter>stuff</Filter>
    </ClInclude>
    <ClInclude Include="include\fs.h">
      <Filter>stuff</Filter>
    </ClInclude>
    <ClInclude Include="include\game.h">
      <Filter>stuff</Filter>
    </ClInclude>
    <ClInclude Include="include\image.h">
      <Filter>stuff</Filter>
    </ClInclude>
    <ClInclude Include="include\input.h">
      <Filter>stuff</Filter>
    </ClInclude>
    <ClInclude Include="include\physics.h">
      <Filter>stuff</Filter>
    </ClInclude>
    <ClInclude Include="include\sprite.h">
      <Filter>stuff</Filter>
    </ClInclude>
    <ClInclude Include="include\text.h">
      <Filter>stuff</Filter>
    </ClInclude>
  </ItemGroup>
  <ItemGroup>
    <Image Include="$(SolutionDir)UwpAssets\LockScreenLogo.scale-200.png">
      <Filter>stuff</Filter>
    </Image>
    <Image Include="$(SolutionDir)UwpAssets\SplashScreen.scale-200.png">
      <Filter>stuff</Filter>
    </Image>
    <Image Include="$(SolutionDir)UwpAssets\Square44x44Logo.scale-200.png">
      <Filter>stuff</Filter>
    </Image>
    <Image Include="$(SolutionDir)UwpAssets\Square44x44Logo.targetsize-24_altform-unplated.png">
      <Filter>stuff</Filter>
    </Image>
    <Image Include="$(SolutionDir)UwpAssets\Square150x150Logo.scale-200.png">
      <Filter>stuff</Filter>
    </Image>
    <Image Include="$(SolutionDir)UwpAssets\StoreLogo.png">
      <Filter>stuff</Filter>
    </Image>
    <Image Include="$(SolutionDir)UwpAssets\Wide310x150Logo.scale-200.png">
      <Filter>stuff</Filter>
    </Image>
  </ItemGroup>
  <ItemGroup>
    <Filter Include="stuff">
      <UniqueIdentifier>{36973242-4662-43f3-9d4c-16b708c78190}</UniqueIdentifier>
    </Filter>
  </ItemGroup>
  <ItemGroup>
    <None Include="$(SolutionDir)UwpAssets\BlankCursor.cur">
      <Filter>stuff</Filter>
    </None>
  </ItemGroup>
  <ItemGroup>
    <AppxManifest Include="Package.appxmanifest">
      <Filter>stuff</Filter>
    </AppxManifest>
  </ItemGroup>
  <ItemGroup>
    <ResourceCompile Include="$(SolutionDir)UwpAssets\Resources.rc">
      <Filter>stuff</Filter>
    </ResourceCompile>
  </ItemGroup>
</Project>